
Microsoft Visual Studio Solution File, Format Version 12.00
# Visual Studio Version 16
VisualStudioVersion = 16.0.30611.23
MinimumVisualStudioVersion = 10.0.40219.1
Project("{8BC9CEB8-8B4A-11D0-8D11-00A0C91BC942}") = "ZEI-2020", "ZEI-2020\ZEI-2020.vcxproj", "{05FFF4CE-7052-4D7E-85A5-76D1EBAC23AF}"
EndProject
Project("{8BC9CEB8-8B4A-11D0-8D11-00A0C91BC942}") = "ZEI-stlib", "ZEI-stlib\ZEI-stlib.vcxproj", "{9E697FF5-3C9B-42B1-8143-C58F6ED134E4}"
EndProject
Project("{8BC9CEB8-8B4A-11D0-8D11-00A0C91BC942}") = "ZEI-ASM", "ZEI-ASM\ZEI-ASM.vcxproj", "{95A69C84-7C38-4B75-B9D2-F94B081241B6}"
EndProject
Project("{9A19103F-16F7-4668-BE54-9A1E7A4F7556}") = "ZEI2020stdlib", "ZEI2020stdlib\ZEI2020stdlib.csproj", "{16F74461-6E7B-4692-92D8-8CADF528120A}"
EndProject
Project("{FAE04EC0-301F-11D3-BF4B-00C04F79EFBC}") = "ZEI-CS", "ZEI-CS\ZEI-CS.csproj", "{E3D43EFB-C931-45C0-995F-987E23010FA6}"
EndProject
Global
	GlobalSection(SolutionConfigurationPlatforms) = preSolution
		Debug|Any CPU = Debug|Any CPU
		Debug|x64 = Debug|x64
		Debug|x86 = Debug|x86
		Release|Any CPU = Release|Any CPU
		Release|x64 = Release|x64
		Release|x86 = Release|x86
	EndGlobalSection
	GlobalSection(ProjectConfigurationPlatforms) = postSolution
		{05FFF4CE-7052-4D7E-85A5-76D1EBAC23AF}.Debug|Any CPU.ActiveCfg = Debug|Win32
		{05FFF4CE-7052-4D7E-85A5-76D1EBAC23AF}.Debug|x64.ActiveCfg = Debug|x64
		{05FFF4CE-7052-4D7E-85A5-76D1EBAC23AF}.Debug|x64.Build.0 = Debug|x64
		{05FFF4CE-7052-4D7E-85A5-76D1EBAC23AF}.Debug|x86.ActiveCfg = Debug|Win32
		{05FFF4CE-7052-4D7E-85A5-76D1EBAC23AF}.Debug|x86.Build.0 = Debug|Win32
		{05FFF4CE-7052-4D7E-85A5-76D1EBAC23AF}.Release|Any CPU.ActiveCfg = Release|Win32
		{05FFF4CE-7052-4D7E-85A5-76D1EBAC23AF}.Release|x64.ActiveCfg = Release|x64
		{05FFF4CE-7052-4D7E-85A5-76D1EBAC23AF}.Release|x64.Build.0 = Release|x64
		{05FFF4CE-7052-4D7E-85A5-76D1EBAC23AF}.Release|x86.ActiveCfg = Release|Win32
		{05FFF4CE-7052-4D7E-85A5-76D1EBAC23AF}.Release|x86.Build.0 = Release|Win32
		{9E697FF5-3C9B-42B1-8143-C58F6ED134E4}.Debug|Any CPU.ActiveCfg = Debug|Win32
		{9E697FF5-3C9B-42B1-8143-C58F6ED134E4}.Debug|x64.ActiveCfg = Debug|x64
		{9E697FF5-3C9B-42B1-8143-C58F6ED134E4}.Debug|x64.Build.0 = Debug|x64
		{9E697FF5-3C9B-42B1-8143-C58F6ED134E4}.Debug|x86.ActiveCfg = Debug|Win32
		{9E697FF5-3C9B-42B1-8143-C58F6ED134E4}.Debug|x86.Build.0 = Debug|Win32
		{9E697FF5-3C9B-42B1-8143-C58F6ED134E4}.Release|Any CPU.ActiveCfg = Release|Win32
		{9E697FF5-3C9B-42B1-8143-C58F6ED134E4}.Release|x64.ActiveCfg = Release|x64
		{9E697FF5-3C9B-42B1-8143-C58F6ED134E4}.Release|x64.Build.0 = Release|x64
		{9E697FF5-3C9B-42B1-8143-C58F6ED134E4}.Release|x86.ActiveCfg = Release|Win32
		{9E697FF5-3C9B-42B1-8143-C58F6ED134E4}.Release|x86.Build.0 = Release|Win32
		{95A69C84-7C38-4B75-B9D2-F94B081241B6}.Debug|Any CPU.ActiveCfg = Debug|Win32
		{95A69C84-7C38-4B75-B9D2-F94B081241B6}.Debug|x64.ActiveCfg = Debug|x64
		{95A69C84-7C38-4B75-B9D2-F94B081241B6}.Debug|x64.Build.0 = Debug|x64
		{95A69C84-7C38-4B75-B9D2-F94B081241B6}.Debug|x86.ActiveCfg = Debug|Win32
		{95A69C84-7C38-4B75-B9D2-F94B081241B6}.Debug|x86.Build.0 = Debug|Win32
		{95A69C84-7C38-4B75-B9D2-F94B081241B6}.Release|Any CPU.ActiveCfg = Release|Win32
		{95A69C84-7C38-4B75-B9D2-F94B081241B6}.Release|x64.ActiveCfg = Release|x64
		{95A69C84-7C38-4B75-B9D2-F94B081241B6}.Release|x64.Build.0 = Release|x64
		{95A69C84-7C38-4B75-B9D2-F94B081241B6}.Release|x86.ActiveCfg = Release|Win32
		{95A69C84-7C38-4B75-B9D2-F94B081241B6}.Release|x86.Build.0 = Release|Win32
		{16F74461-6E7B-4692-92D8-8CADF528120A}.Debug|Any CPU.ActiveCfg = Debug|Any CPU
		{16F74461-6E7B-4692-92D8-8CADF528120A}.Debug|Any CPU.Build.0 = Debug|Any CPU
		{16F74461-6E7B-4692-92D8-8CADF528120A}.Debug|x64.ActiveCfg = Debug|Any CPU
		{16F74461-6E7B-4692-92D8-8CADF528120A}.Debug|x64.Build.0 = Debug|Any CPU
		{16F74461-6E7B-4692-92D8-8CADF528120A}.Debug|x86.ActiveCfg = Debug|Any CPU
		{16F74461-6E7B-4692-92D8-8CADF528120A}.Debug|x86.Build.0 = Debug|Any CPU
		{16F74461-6E7B-4692-92D8-8CADF528120A}.Release|Any CPU.ActiveCfg = Release|Any CPU
		{16F74461-6E7B-4692-92D8-8CADF528120A}.Release|Any CPU.Build.0 = Release|Any CPU
		{16F74461-6E7B-4692-92D8-8CADF528120A}.Release|x64.ActiveCfg = Release|Any CPU
		{16F74461-6E7B-4692-92D8-8CADF528120A}.Release|x64.Build.0 = Release|Any CPU
		{16F74461-6E7B-4692-92D8-8CADF528120A}.Release|x86.ActiveCfg = Release|Any CPU
		{16F74461-6E7B-4692-92D8-8CADF528120A}.Release|x86.Build.0 = Release|Any CPU
		{E3D43EFB-C931-45C0-995F-987E23010FA6}.Debug|Any CPU.ActiveCfg = Debug|Any CPU
		{E3D43EFB-C931-45C0-995F-987E23010FA6}.Debug|Any CPU.Build.0 = Debug|Any CPU
		{E3D43EFB-C931-45C0-995F-987E23010FA6}.Debug|x64.ActiveCfg = Debug|Any CPU
		{E3D43EFB-C931-45C0-995F-987E23010FA6}.Debug|x64.Build.0 = Debug|Any CPU
		{E3D43EFB-C931-45C0-995F-987E23010FA6}.Debug|x86.ActiveCfg = Debug|Any CPU
		{E3D43EFB-C931-45C0-995F-987E23010FA6}.Debug|x86.Build.0 = Debug|Any CPU
		{E3D43EFB-C931-45C0-995F-987E23010FA6}.Release|Any CPU.ActiveCfg = Release|Any CPU
		{E3D43EFB-C931-45C0-995F-987E23010FA6}.Release|Any CPU.Build.0 = Release|Any CPU
		{E3D43EFB-C931-45C0-995F-987E23010FA6}.Release|x64.ActiveCfg = Release|Any CPU
		{E3D43EFB-C931-45C0-995F-987E23010FA6}.Release|x64.Build.0 = Release|Any CPU
		{E3D43EFB-C931-45C0-995F-987E23010FA6}.Release|x86.ActiveCfg = Release|Any CPU
		{E3D43EFB-C931-45C0-995F-987E23010FA6}.Release|x86.Build.0 = Release|Any CPU
	EndGlobalSection
	GlobalSection(SolutionProperties) = preSolution
		HideSolutionNode = FALSE
	EndGlobalSection
	GlobalSection(ExtensibilityGlobals) = postSolution
		SolutionGuid = {C53F967F-EF21-4716-B3F9-6038BF11CE7D}
	EndGlobalSection
EndGlobal
